
Microsoft Visual Studio Solution File, Format Version 12.00
# Visual Studio Version 17
VisualStudioVersion = 17.10.35013.160
MinimumVisualStudioVersion = 10.0.40219.1
Project("{2150E333-8FDC-42A3-9474-1A3956D46DE8}") = "Services", "Services", "{346307DB-C442-4AD1-9600-5548A5097CE5}"
EndProject
Project("{2150E333-8FDC-42A3-9474-1A3956D46DE8}") = "Catalog", "Catalog", "{8C4B1F1A-6D10-40B4-971F-AD88B808E9F5}"
EndProject
Project("{9A19103F-16F7-4668-BE54-9A1E7A4F7556}") = "MultiShop.Catalog", "Services\Catalog\MultiShop.Catalog\MultiShop.Catalog.csproj", "{7A5CC8C6-BACB-4573-B249-6E4C562DA498}"
EndProject
Project("{2150E333-8FDC-42A3-9474-1A3956D46DE8}") = "Discount", "Discount", "{CE63C4C2-E3B2-4EFB-8730-2B88685E649A}"
EndProject
Project("{9A19103F-16F7-4668-BE54-9A1E7A4F7556}") = "MultiShop.Discount", "Services\Discount\MultiShop.Discount\MultiShop.Discount.csproj", "{4DD75474-7F1D-479C-8EF9-79C588DCE4BF}"
EndProject
Project("{2150E333-8FDC-42A3-9474-1A3956D46DE8}") = "Order", "Order", "{339E5944-F950-476B-8A4E-CD71B9DA1489}"
EndProject
Project("{2150E333-8FDC-42A3-9474-1A3956D46DE8}") = "Core", "Core", "{8FC23C39-F3F6-45AA-A570-EEB3583370D5}"
EndProject
Project("{2150E333-8FDC-42A3-9474-1A3956D46DE8}") = "Presentation", "Presentation", "{C3658D5F-BBD6-4D5F-A32E-0DF6152938B3}"
EndProject
Project("{2150E333-8FDC-42A3-9474-1A3956D46DE8}") = "Infrastructure", "Infrastructure", "{AD836FBA-4A1E-4773-9CE0-25AAFDD53204}"
EndProject
Project("{9A19103F-16F7-4668-BE54-9A1E7A4F7556}") = "MultiShop.Order.Domain", "Services\Order\Core\MultiShop.Order.Domain\MultiShop.Order.Domain.csproj", "{6C21A93C-1786-4F8A-A28A-24B28E861F04}"
EndProject
Project("{9A19103F-16F7-4668-BE54-9A1E7A4F7556}") = "MultiShop.Order.Application", "Services\Order\Core\MultiShop.Order.Application\MultiShop.Order.Application.csproj", "{B4A0FC0C-6B12-40AD-BDAC-C0342F890774}"
EndProject
Project("{9A19103F-16F7-4668-BE54-9A1E7A4F7556}") = "MultiShop.Order.Persistence", "Services\Order\Infrastructure\MultiShop.Order.Persistence\MultiShop.Order.Persistence.csproj", "{8748231E-0442-4A53-8877-9FF9CD9767A7}"
EndProject
Project("{9A19103F-16F7-4668-BE54-9A1E7A4F7556}") = "MultiShop.Order.WebApi", "Services\Order\Presentation\MultiShop.Order.WebApi\MultiShop.Order.WebApi.csproj", "{8BA65F96-443A-4A03-83B9-20883F51693F}"
EndProject
Project("{2150E333-8FDC-42A3-9474-1A3956D46DE8}") = "IdentityServer", "IdentityServer", "{3BCAE72B-B774-4627-A941-98BF0D279310}"
EndProject
Project("{9A19103F-16F7-4668-BE54-9A1E7A4F7556}") = "MultiShop.IdentityServer", "IdentityServer\MultiShop.IdentityServer\MultiShop.IdentityServer.csproj", "{3D1491C9-0BD2-4ACB-8363-61B5D143EE88}"
EndProject
Project("{2150E333-8FDC-42A3-9474-1A3956D46DE8}") = "Requirements", "Requirements", "{0239119D-5905-4A17-AFA4-3D71F1B5D119}"
	ProjectSection(SolutionItems) = preProject
		IdentityServerVersionErrorSolution.txt = IdentityServerVersionErrorSolution.txt
		LoginIndex.txt = LoginIndex.txt
		Ocelot.txt = Ocelot.txt
		PortainerCmd.txt = PortainerCmd.txt
		PortNumbers.txt = PortNumbers.txt
	EndProjectSection
EndProject
Project("{2150E333-8FDC-42A3-9474-1A3956D46DE8}") = "Cargo", "Cargo", "{3E627743-5482-4ED1-9DDA-935BE9E9D8EC}"
EndProject
Project("{9A19103F-16F7-4668-BE54-9A1E7A4F7556}") = "MultiShop.Cargo.EntityLayer", "Services\Cargo\MultiShop.Cargo.EntityLayer\MultiShop.Cargo.EntityLayer.csproj", "{4F15ECC9-128D-49C1-9EEE-123754D95BCB}"
EndProject
Project("{9A19103F-16F7-4668-BE54-9A1E7A4F7556}") = "MultiShop.Cargo.BusinessLayer", "Services\Cargo\MultiShop.Cargo.BusinessLayer\MultiShop.Cargo.BusinessLayer.csproj", "{6A500B41-B644-4106-B0B0-E029C1E6D96B}"
EndProject
Project("{9A19103F-16F7-4668-BE54-9A1E7A4F7556}") = "MultiShop.Cargo.DataAccessLayer", "Services\Cargo\MultiShop.Cargo.DataAccessLayer\MultiShop.Cargo.DataAccessLayer.csproj", "{4CC80BF5-AB33-4D79-B2B2-97B7BC267CC6}"
EndProject
Project("{9A19103F-16F7-4668-BE54-9A1E7A4F7556}") = "MultiShop.Cargo.DtoLayer", "Services\Cargo\MultiShop.Cargo.DtoLayer\MultiShop.Cargo.DtoLayer.csproj", "{CA86E47B-C2BD-412C-922D-7FA6CE542E11}"
EndProject
Project("{9A19103F-16F7-4668-BE54-9A1E7A4F7556}") = "MultiShop.Cargo.WebApi", "Services\Cargo\MultiShop.Cargo.WebApi\MultiShop.Cargo.WebApi.csproj", "{B6CDBE98-0C4A-45BA-B6F2-41CE821C6658}"
EndProject
Project("{2150E333-8FDC-42A3-9474-1A3956D46DE8}") = "Basket", "Basket", "{6943F592-BC7C-4CD3-ADD9-0A223707BAEF}"
EndProject
Project("{9A19103F-16F7-4668-BE54-9A1E7A4F7556}") = "MultiShop.Basket", "Services\Basket\MultiShop.Basket\MultiShop.Basket.csproj", "{F625F6CA-E615-4C8E-AB41-D299E6533AFA}"
EndProject
Project("{2150E333-8FDC-42A3-9474-1A3956D46DE8}") = "Frontends", "Frontends", "{6485E799-E490-4C99-AA44-A1D19C2080FD}"
EndProject
Project("{9A19103F-16F7-4668-BE54-9A1E7A4F7556}") = "MultiShop.WebUI", "Frontends\MultiShop.WebUI\MultiShop.WebUI.csproj", "{E37BD23A-09DD-4DB0-A082-BECFAB458842}"
EndProject
Project("{9A19103F-16F7-4668-BE54-9A1E7A4F7556}") = "MultiShop.DtoLayer", "Frontends\MultiShop.DtoLayer\MultiShop.DtoLayer.csproj", "{38AA0031-72BE-4757-9EE1-8D4475A56E2E}"
EndProject
Project("{2150E333-8FDC-42A3-9474-1A3956D46DE8}") = "Comment", "Comment", "{E057FE19-FD56-4E14-AD1E-CB9F99100022}"
EndProject
Project("{9A19103F-16F7-4668-BE54-9A1E7A4F7556}") = "MultiShop.Comment", "Services\Comment\MultiShop.Comment\MultiShop.Comment.csproj", "{09297CC4-6FE3-4FF4-B73E-6B00E37A308D}"
EndProject
Project("{2150E333-8FDC-42A3-9474-1A3956D46DE8}") = "ApiGateway", "ApiGateway", "{2549DBDD-29B2-4B5D-A723-CC201F61BD9F}"
EndProject
Project("{2150E333-8FDC-42A3-9474-1A3956D46DE8}") = "RapidApi", "RapidApi", "{6951ED41-019E-4FD9-B9CA-F86FF7B867B5}"
EndProject
Project("{9A19103F-16F7-4668-BE54-9A1E7A4F7556}") = "MultiShop.OcelotGateway", "ApiGateway\MultiShop.OcelotGateway\MultiShop.OcelotGateway.csproj", "{6F6BB5D3-2354-442C-A589-0C5AA601D5E3}"
EndProject
Project("{2150E333-8FDC-42A3-9474-1A3956D46DE8}") = "Payment", "Payment", "{53C9F041-4170-4ABE-BED6-890FF19D1B53}"
EndProject
Project("{9A19103F-16F7-4668-BE54-9A1E7A4F7556}") = "MultiShop.Payment", "Services\Payment\MultiShop.Payment\MultiShop.Payment.csproj", "{46FEE3BB-2646-44E8-A32D-89C8CAC4763E}"
EndProject
Project("{2150E333-8FDC-42A3-9474-1A3956D46DE8}") = "Images", "Images", "{331F634A-1552-46AC-B9EA-FEEF845B67CA}"
EndProject
Project("{9A19103F-16F7-4668-BE54-9A1E7A4F7556}") = "MultiShop.Images", "Services\Images\MultiShop.Images\MultiShop.Images.csproj", "{AE17DEC9-7EF3-4361-AB04-B15DE4EFF08F}"
EndProject
Project("{2150E333-8FDC-42A3-9474-1A3956D46DE8}") = "Message", "Message", "{B06817A0-B8C5-4EFD-827E-1BFE40E39E41}"
EndProject
Project("{9A19103F-16F7-4668-BE54-9A1E7A4F7556}") = "MultiShop.Message", "Services\Message\MultiShop.Message\MultiShop.Message.csproj", "{5DF44256-A598-4F27-B273-C56AD969CECB}"
EndProject
Project("{2150E333-8FDC-42A3-9474-1A3956D46DE8}") = "SignalRRealTime", "SignalRRealTime", "{FAD08D4D-451E-462E-9893-80B57EFE4455}"
EndProject
Project("{9A19103F-16F7-4668-BE54-9A1E7A4F7556}") = "MultiShop.SignalRRealTimeApi", "Services\SignalRRealTime\MultiShop.SignalRRealTimeApi\MultiShop.SignalRRealTimeApi.csproj", "{842EC488-C946-4EC1-A0CB-54946940D121}"
EndProject
Project("{9A19103F-16F7-4668-BE54-9A1E7A4F7556}") = "MultiShop.Images.WebUI", "Services\Images\MultiShop.Images.WebUI\MultiShop.Images.WebUI.csproj", "{82DE3C00-5602-4451-A7A3-1296F8F50618}"
EndProject
Project("{2150E333-8FDC-42A3-9474-1A3956D46DE8}") = "RapidApi", "RapidApi", "{965EC079-CDC2-433F-9FBE-0E2107FEB24B}"
EndProject
Project("{2150E333-8FDC-42A3-9474-1A3956D46DE8}") = "RabbitMQMessage", "RabbitMQMessage", "{2214B990-4655-47FF-97DC-5ECF72DDB9E8}"
EndProject
Project("{9A19103F-16F7-4668-BE54-9A1E7A4F7556}") = "MultiShop.RabbitMQMessageApi", "Services\MultiShop.RabbitMQMessageApi\MultiShop.RabbitMQMessageApi.csproj", "{BB0B4B13-7598-43A6-8814-450574B2E6FD}"
EndProject
Project("{9A19103F-16F7-4668-BE54-9A1E7A4F7556}") = "MultiShop.RapidApiWebUI", "Services\MultiShop.RapidApiWebUI\MultiShop.RapidApiWebUI.csproj", "{89BA09F6-6216-46F8-AA4E-FB4C50F0AB98}"
EndProject
Global
	GlobalSection(SolutionConfigurationPlatforms) = preSolution
		Debug|Any CPU = Debug|Any CPU
		Release|Any CPU = Release|Any CPU
	EndGlobalSection
	GlobalSection(ProjectConfigurationPlatforms) = postSolution
		{7A5CC8C6-BACB-4573-B249-6E4C562DA498}.Debug|Any CPU.ActiveCfg = Debug|Any CPU
		{7A5CC8C6-BACB-4573-B249-6E4C562DA498}.Debug|Any CPU.Build.0 = Debug|Any CPU
		{7A5CC8C6-BACB-4573-B249-6E4C562DA498}.Release|Any CPU.ActiveCfg = Release|Any CPU
		{7A5CC8C6-BACB-4573-B249-6E4C562DA498}.Release|Any CPU.Build.0 = Release|Any CPU
		{4DD75474-7F1D-479C-8EF9-79C588DCE4BF}.Debug|Any CPU.ActiveCfg = Debug|Any CPU
		{4DD75474-7F1D-479C-8EF9-79C588DCE4BF}.Debug|Any CPU.Build.0 = Debug|Any CPU
		{4DD75474-7F1D-479C-8EF9-79C588DCE4BF}.Release|Any CPU.ActiveCfg = Release|Any CPU
		{4DD75474-7F1D-479C-8EF9-79C588DCE4BF}.Release|Any CPU.Build.0 = Release|Any CPU
		{6C21A93C-1786-4F8A-A28A-24B28E861F04}.Debug|Any CPU.ActiveCfg = Debug|Any CPU
		{6C21A93C-1786-4F8A-A28A-24B28E861F04}.Debug|Any CPU.Build.0 = Debug|Any CPU
		{6C21A93C-1786-4F8A-A28A-24B28E861F04}.Release|Any CPU.ActiveCfg = Release|Any CPU
		{6C21A93C-1786-4F8A-A28A-24B28E861F04}.Release|Any CPU.Build.0 = Release|Any CPU
		{B4A0FC0C-6B12-40AD-BDAC-C0342F890774}.Debug|Any CPU.ActiveCfg = Debug|Any CPU
		{B4A0FC0C-6B12-40AD-BDAC-C0342F890774}.Debug|Any CPU.Build.0 = Debug|Any CPU
		{B4A0FC0C-6B12-40AD-BDAC-C0342F890774}.Release|Any CPU.ActiveCfg = Release|Any CPU
		{B4A0FC0C-6B12-40AD-BDAC-C0342F890774}.Release|Any CPU.Build.0 = Release|Any CPU
		{8748231E-0442-4A53-8877-9FF9CD9767A7}.Debug|Any CPU.ActiveCfg = Debug|Any CPU
		{8748231E-0442-4A53-8877-9FF9CD9767A7}.Debug|Any CPU.Build.0 = Debug|Any CPU
		{8748231E-0442-4A53-8877-9FF9CD9767A7}.Release|Any CPU.ActiveCfg = Release|Any CPU
		{8748231E-0442-4A53-8877-9FF9CD9767A7}.Release|Any CPU.Build.0 = Release|Any CPU
		{8BA65F96-443A-4A03-83B9-20883F51693F}.Debug|Any CPU.ActiveCfg = Debug|Any CPU
		{8BA65F96-443A-4A03-83B9-20883F51693F}.Debug|Any CPU.Build.0 = Debug|Any CPU
		{8BA65F96-443A-4A03-83B9-20883F51693F}.Release|Any CPU.ActiveCfg = Release|Any CPU
		{8BA65F96-443A-4A03-83B9-20883F51693F}.Release|Any CPU.Build.0 = Release|Any CPU
		{3D1491C9-0BD2-4ACB-8363-61B5D143EE88}.Debug|Any CPU.ActiveCfg = Debug|Any CPU
		{3D1491C9-0BD2-4ACB-8363-61B5D143EE88}.Debug|Any CPU.Build.0 = Debug|Any CPU
		{3D1491C9-0BD2-4ACB-8363-61B5D143EE88}.Release|Any CPU.ActiveCfg = Release|Any CPU
		{3D1491C9-0BD2-4ACB-8363-61B5D143EE88}.Release|Any CPU.Build.0 = Release|Any CPU
		{4F15ECC9-128D-49C1-9EEE-123754D95BCB}.Debug|Any CPU.ActiveCfg = Debug|Any CPU
		{4F15ECC9-128D-49C1-9EEE-123754D95BCB}.Debug|Any CPU.Build.0 = Debug|Any CPU
		{4F15ECC9-128D-49C1-9EEE-123754D95BCB}.Release|Any CPU.ActiveCfg = Release|Any CPU
		{4F15ECC9-128D-49C1-9EEE-123754D95BCB}.Release|Any CPU.Build.0 = Release|Any CPU
		{6A500B41-B644-4106-B0B0-E029C1E6D96B}.Debug|Any CPU.ActiveCfg = Debug|Any CPU
		{6A500B41-B644-4106-B0B0-E029C1E6D96B}.Debug|Any CPU.Build.0 = Debug|Any CPU
		{6A500B41-B644-4106-B0B0-E029C1E6D96B}.Release|Any CPU.ActiveCfg = Release|Any CPU
		{6A500B41-B644-4106-B0B0-E029C1E6D96B}.Release|Any CPU.Build.0 = Release|Any CPU
		{4CC80BF5-AB33-4D79-B2B2-97B7BC267CC6}.Debug|Any CPU.ActiveCfg = Debug|Any CPU
		{4CC80BF5-AB33-4D79-B2B2-97B7BC267CC6}.Debug|Any CPU.Build.0 = Debug|Any CPU
		{4CC80BF5-AB33-4D79-B2B2-97B7BC267CC6}.Release|Any CPU.ActiveCfg = Release|Any CPU
		{4CC80BF5-AB33-4D79-B2B2-97B7BC267CC6}.Release|Any CPU.Build.0 = Release|Any CPU
		{CA86E47B-C2BD-412C-922D-7FA6CE542E11}.Debug|Any CPU.ActiveCfg = Debug|Any CPU
		{CA86E47B-C2BD-412C-922D-7FA6CE542E11}.Debug|Any CPU.Build.0 = Debug|Any CPU
		{CA86E47B-C2BD-412C-922D-7FA6CE542E11}.Release|Any CPU.ActiveCfg = Release|Any CPU
		{CA86E47B-C2BD-412C-922D-7FA6CE542E11}.Release|Any CPU.Build.0 = Release|Any CPU
		{B6CDBE98-0C4A-45BA-B6F2-41CE821C6658}.Debug|Any CPU.ActiveCfg = Debug|Any CPU
		{B6CDBE98-0C4A-45BA-B6F2-41CE821C6658}.Debug|Any CPU.Build.0 = Debug|Any CPU
		{B6CDBE98-0C4A-45BA-B6F2-41CE821C6658}.Release|Any CPU.ActiveCfg = Release|Any CPU
		{B6CDBE98-0C4A-45BA-B6F2-41CE821C6658}.Release|Any CPU.Build.0 = Release|Any CPU
		{F625F6CA-E615-4C8E-AB41-D299E6533AFA}.Debug|Any CPU.ActiveCfg = Debug|Any CPU
		{F625F6CA-E615-4C8E-AB41-D299E6533AFA}.Debug|Any CPU.Build.0 = Debug|Any CPU
		{F625F6CA-E615-4C8E-AB41-D299E6533AFA}.Release|Any CPU.ActiveCfg = Release|Any CPU
		{F625F6CA-E615-4C8E-AB41-D299E6533AFA}.Release|Any CPU.Build.0 = Release|Any CPU
		{E37BD23A-09DD-4DB0-A082-BECFAB458842}.Debug|Any CPU.ActiveCfg = Debug|Any CPU
		{E37BD23A-09DD-4DB0-A082-BECFAB458842}.Debug|Any CPU.Build.0 = Debug|Any CPU
		{E37BD23A-09DD-4DB0-A082-BECFAB458842}.Release|Any CPU.ActiveCfg = Release|Any CPU
		{E37BD23A-09DD-4DB0-A082-BECFAB458842}.Release|Any CPU.Build.0 = Release|Any CPU
		{38AA0031-72BE-4757-9EE1-8D4475A56E2E}.Debug|Any CPU.ActiveCfg = Debug|Any CPU
		{38AA0031-72BE-4757-9EE1-8D4475A56E2E}.Debug|Any CPU.Build.0 = Debug|Any CPU
		{38AA0031-72BE-4757-9EE1-8D4475A56E2E}.Release|Any CPU.ActiveCfg = Release|Any CPU
		{38AA0031-72BE-4757-9EE1-8D4475A56E2E}.Release|Any CPU.Build.0 = Release|Any CPU
		{09297CC4-6FE3-4FF4-B73E-6B00E37A308D}.Debug|Any CPU.ActiveCfg = Debug|Any CPU
		{09297CC4-6FE3-4FF4-B73E-6B00E37A308D}.Debug|Any CPU.Build.0 = Debug|Any CPU
		{09297CC4-6FE3-4FF4-B73E-6B00E37A308D}.Release|Any CPU.ActiveCfg = Release|Any CPU
		{09297CC4-6FE3-4FF4-B73E-6B00E37A308D}.Release|Any CPU.Build.0 = Release|Any CPU
		{6F6BB5D3-2354-442C-A589-0C5AA601D5E3}.Debug|Any CPU.ActiveCfg = Debug|Any CPU
		{6F6BB5D3-2354-442C-A589-0C5AA601D5E3}.Debug|Any CPU.Build.0 = Debug|Any CPU
		{6F6BB5D3-2354-442C-A589-0C5AA601D5E3}.Release|Any CPU.ActiveCfg = Release|Any CPU
		{6F6BB5D3-2354-442C-A589-0C5AA601D5E3}.Release|Any CPU.Build.0 = Release|Any CPU
		{46FEE3BB-2646-44E8-A32D-89C8CAC4763E}.Debug|Any CPU.ActiveCfg = Debug|Any CPU
		{46FEE3BB-2646-44E8-A32D-89C8CAC4763E}.Debug|Any CPU.Build.0 = Debug|Any CPU
		{46FEE3BB-2646-44E8-A32D-89C8CAC4763E}.Release|Any CPU.ActiveCfg = Release|Any CPU
		{46FEE3BB-2646-44E8-A32D-89C8CAC4763E}.Release|Any CPU.Build.0 = Release|Any CPU
		{AE17DEC9-7EF3-4361-AB04-B15DE4EFF08F}.Debug|Any CPU.ActiveCfg = Debug|Any CPU
		{AE17DEC9-7EF3-4361-AB04-B15DE4EFF08F}.Debug|Any CPU.Build.0 = Debug|Any CPU
		{AE17DEC9-7EF3-4361-AB04-B15DE4EFF08F}.Release|Any CPU.ActiveCfg = Release|Any CPU
		{AE17DEC9-7EF3-4361-AB04-B15DE4EFF08F}.Release|Any CPU.Build.0 = Release|Any CPU
		{5DF44256-A598-4F27-B273-C56AD969CECB}.Debug|Any CPU.ActiveCfg = Debug|Any CPU
		{5DF44256-A598-4F27-B273-C56AD969CECB}.Debug|Any CPU.Build.0 = Debug|Any CPU
		{5DF44256-A598-4F27-B273-C56AD969CECB}.Release|Any CPU.ActiveCfg = Release|Any CPU
		{5DF44256-A598-4F27-B273-C56AD969CECB}.Release|Any CPU.Build.0 = Release|Any CPU
		{842EC488-C946-4EC1-A0CB-54946940D121}.Debug|Any CPU.ActiveCfg = Debug|Any CPU
		{842EC488-C946-4EC1-A0CB-54946940D121}.Debug|Any CPU.Build.0 = Debug|Any CPU
		{842EC488-C946-4EC1-A0CB-54946940D121}.Release|Any CPU.ActiveCfg = Release|Any CPU
		{842EC488-C946-4EC1-A0CB-54946940D121}.Release|Any CPU.Build.0 = Release|Any CPU
		{82DE3C00-5602-4451-A7A3-1296F8F50618}.Debug|Any CPU.ActiveCfg = Debug|Any CPU
		{82DE3C00-5602-4451-A7A3-1296F8F50618}.Debug|Any CPU.Build.0 = Debug|Any CPU
		{82DE3C00-5602-4451-A7A3-1296F8F50618}.Release|Any CPU.ActiveCfg = Release|Any CPU
		{82DE3C00-5602-4451-A7A3-1296F8F50618}.Release|Any CPU.Build.0 = Release|Any CPU
		{BB0B4B13-7598-43A6-8814-450574B2E6FD}.Debug|Any CPU.ActiveCfg = Debug|Any CPU
		{BB0B4B13-7598-43A6-8814-450574B2E6FD}.Debug|Any CPU.Build.0 = Debug|Any CPU
		{BB0B4B13-7598-43A6-8814-450574B2E6FD}.Release|Any CPU.ActiveCfg = Release|Any CPU
		{BB0B4B13-7598-43A6-8814-450574B2E6FD}.Release|Any CPU.Build.0 = Release|Any CPU
		{89BA09F6-6216-46F8-AA4E-FB4C50F0AB98}.Debug|Any CPU.ActiveCfg = Debug|Any CPU
		{89BA09F6-6216-46F8-AA4E-FB4C50F0AB98}.Debug|Any CPU.Build.0 = Debug|Any CPU
		{89BA09F6-6216-46F8-AA4E-FB4C50F0AB98}.Release|Any CPU.ActiveCfg = Release|Any CPU
		{89BA09F6-6216-46F8-AA4E-FB4C50F0AB98}.Release|Any CPU.Build.0 = Release|Any CPU
	EndGlobalSection
	GlobalSection(SolutionProperties) = preSolution
		HideSolutionNode = FALSE
	EndGlobalSection
	GlobalSection(NestedProjects) = preSolution
		{8C4B1F1A-6D10-40B4-971F-AD88B808E9F5} = {346307DB-C442-4AD1-9600-5548A5097CE5}
		{7A5CC8C6-BACB-4573-B249-6E4C562DA498} = {8C4B1F1A-6D10-40B4-971F-AD88B808E9F5}
		{CE63C4C2-E3B2-4EFB-8730-2B88685E649A} = {346307DB-C442-4AD1-9600-5548A5097CE5}
		{4DD75474-7F1D-479C-8EF9-79C588DCE4BF} = {CE63C4C2-E3B2-4EFB-8730-2B88685E649A}
		{339E5944-F950-476B-8A4E-CD71B9DA1489} = {346307DB-C442-4AD1-9600-5548A5097CE5}
		{8FC23C39-F3F6-45AA-A570-EEB3583370D5} = {339E5944-F950-476B-8A4E-CD71B9DA1489}
		{C3658D5F-BBD6-4D5F-A32E-0DF6152938B3} = {339E5944-F950-476B-8A4E-CD71B9DA1489}
		{AD836FBA-4A1E-4773-9CE0-25AAFDD53204} = {339E5944-F950-476B-8A4E-CD71B9DA1489}
		{6C21A93C-1786-4F8A-A28A-24B28E861F04} = {8FC23C39-F3F6-45AA-A570-EEB3583370D5}
		{B4A0FC0C-6B12-40AD-BDAC-C0342F890774} = {8FC23C39-F3F6-45AA-A570-EEB3583370D5}
		{8748231E-0442-4A53-8877-9FF9CD9767A7} = {AD836FBA-4A1E-4773-9CE0-25AAFDD53204}
		{8BA65F96-443A-4A03-83B9-20883F51693F} = {C3658D5F-BBD6-4D5F-A32E-0DF6152938B3}
		{3D1491C9-0BD2-4ACB-8363-61B5D143EE88} = {3BCAE72B-B774-4627-A941-98BF0D279310}
		{3E627743-5482-4ED1-9DDA-935BE9E9D8EC} = {346307DB-C442-4AD1-9600-5548A5097CE5}
		{4F15ECC9-128D-49C1-9EEE-123754D95BCB} = {3E627743-5482-4ED1-9DDA-935BE9E9D8EC}
		{6A500B41-B644-4106-B0B0-E029C1E6D96B} = {3E627743-5482-4ED1-9DDA-935BE9E9D8EC}
		{4CC80BF5-AB33-4D79-B2B2-97B7BC267CC6} = {3E627743-5482-4ED1-9DDA-935BE9E9D8EC}
		{CA86E47B-C2BD-412C-922D-7FA6CE542E11} = {3E627743-5482-4ED1-9DDA-935BE9E9D8EC}
		{B6CDBE98-0C4A-45BA-B6F2-41CE821C6658} = {3E627743-5482-4ED1-9DDA-935BE9E9D8EC}
		{6943F592-BC7C-4CD3-ADD9-0A223707BAEF} = {346307DB-C442-4AD1-9600-5548A5097CE5}
		{F625F6CA-E615-4C8E-AB41-D299E6533AFA} = {6943F592-BC7C-4CD3-ADD9-0A223707BAEF}
		{E37BD23A-09DD-4DB0-A082-BECFAB458842} = {6485E799-E490-4C99-AA44-A1D19C2080FD}
		{38AA0031-72BE-4757-9EE1-8D4475A56E2E} = {6485E799-E490-4C99-AA44-A1D19C2080FD}
		{E057FE19-FD56-4E14-AD1E-CB9F99100022} = {346307DB-C442-4AD1-9600-5548A5097CE5}
		{09297CC4-6FE3-4FF4-B73E-6B00E37A308D} = {E057FE19-FD56-4E14-AD1E-CB9F99100022}
		{6F6BB5D3-2354-442C-A589-0C5AA601D5E3} = {2549DBDD-29B2-4B5D-A723-CC201F61BD9F}
		{53C9F041-4170-4ABE-BED6-890FF19D1B53} = {346307DB-C442-4AD1-9600-5548A5097CE5}
		{46FEE3BB-2646-44E8-A32D-89C8CAC4763E} = {53C9F041-4170-4ABE-BED6-890FF19D1B53}
		{331F634A-1552-46AC-B9EA-FEEF845B67CA} = {346307DB-C442-4AD1-9600-5548A5097CE5}
		{AE17DEC9-7EF3-4361-AB04-B15DE4EFF08F} = {331F634A-1552-46AC-B9EA-FEEF845B67CA}
		{B06817A0-B8C5-4EFD-827E-1BFE40E39E41} = {346307DB-C442-4AD1-9600-5548A5097CE5}
		{5DF44256-A598-4F27-B273-C56AD969CECB} = {B06817A0-B8C5-4EFD-827E-1BFE40E39E41}
		{FAD08D4D-451E-462E-9893-80B57EFE4455} = {346307DB-C442-4AD1-9600-5548A5097CE5}
		{842EC488-C946-4EC1-A0CB-54946940D121} = {FAD08D4D-451E-462E-9893-80B57EFE4455}
		{82DE3C00-5602-4451-A7A3-1296F8F50618} = {331F634A-1552-46AC-B9EA-FEEF845B67CA}
		{965EC079-CDC2-433F-9FBE-0E2107FEB24B} = {346307DB-C442-4AD1-9600-5548A5097CE5}
		{2214B990-4655-47FF-97DC-5ECF72DDB9E8} = {346307DB-C442-4AD1-9600-5548A5097CE5}
		{BB0B4B13-7598-43A6-8814-450574B2E6FD} = {2214B990-4655-47FF-97DC-5ECF72DDB9E8}
		{89BA09F6-6216-46F8-AA4E-FB4C50F0AB98} = {965EC079-CDC2-433F-9FBE-0E2107FEB24B}
	EndGlobalSection
	GlobalSection(ExtensibilityGlobals) = postSolution
		SolutionGuid = {45BD8106-DA06-478E-8659-489770DBF3AA}
	EndGlobalSection
EndGlobal
